
Microsoft Visual Studio Solution File, Format Version 12.00
# Visual Studio Version 17
VisualStudioVersion = 17.5.33502.453
MinimumVisualStudioVersion = 10.0.40219.1
Project("{FAE04EC0-301F-11D3-BF4B-00C04F79EFBC}") = "home-charging-assessment", "home-charging-assessment.csproj", "{FB8FE20B-A6A8-4144-9A63-D84EE3F6F454}"
EndProject
Global
	GlobalSection(SolutionConfigurationPlatforms) = preSolution
		Debug|Any CPU = Debug|Any CPU
		Release|Any CPU = Release|Any CPU
	EndGlobalSection
	GlobalSection(ProjectConfigurationPlatforms) = postSolution
		{FB8FE20B-A6A8-4144-9A63-D84EE3F6F454}.Debug|Any CPU.ActiveCfg = Debug|Any CPU
		{FB8FE20B-A6A8-4144-9A63-D84EE3F6F454}.Debug|Any CPU.Build.0 = Debug|Any CPU
		{FB8FE20B-A6A8-4144-9A63-D84EE3F6F454}.Release|Any CPU.ActiveCfg = Release|Any CPU
		{FB8FE20B-A6A8-4144-9A63-D84EE3F6F454}.Release|Any CPU.Build.0 = Release|Any CPU
	EndGlobalSection
	GlobalSection(SolutionProperties) = preSolution
		HideSolutionNode = FALSE
	EndGlobalSection
	GlobalSection(ExtensibilityGlobals) = postSolution
		SolutionGuid = {DE2D66E7-9EE4-47DA-90B9-998FBCBCC4CD}
	EndGlobalSection
EndGlobal
